// !$*UTF8*$!
{
	archiveVersion = 1;
	classes = {
	};
	objectVersion = 77;
	objects = {

/* Begin PBXBuildFile section */
		BFDE68B32DB9500D00EC20FF /* FirebaseAnalytics in Frameworks */ = {isa = PBXBuildFile; productRef = BFDE68B22DB9500D00EC20FF /* FirebaseAnalytics */; };
		BFDE68B52DB9500D00EC20FF /* FirebaseAppCheck in Frameworks */ = {isa = PBXBuildFile; productRef = BFDE68B42DB9500D00EC20FF /* FirebaseAppCheck */; };
		BFDE68B72DB9500D00EC20FF /* FirebaseAuth in Frameworks */ = {isa = PBXBuildFile; productRef = BFDE68B62DB9500D00EC20FF /* FirebaseAuth */; };
		BFDE68B92DB9500D00EC20FF /* FirebaseCore in Frameworks */ = {isa = PBXBuildFile; productRef = BFDE68B82DB9500D00EC20FF /* FirebaseCore */; };
		BFDE68BB2DB9500D00EC20FF /* FirebaseFirestore in Frameworks */ = {isa = PBXBuildFile; productRef = BFDE68BA2DB9500D00EC20FF /* FirebaseFirestore */; };
		BFDE68BD2DB9500D00EC20FF /* FirebaseFunctions in Frameworks */ = {isa = PBXBuildFile; productRef = BFDE68BC2DB9500D00EC20FF /* FirebaseFunctions */; };
		BFDE68BF2DB9500D00EC20FF /* FirebaseStorage in Frameworks */ = {isa = PBXBuildFile; productRef = BFDE68BE2DB9500D00EC20FF /* FirebaseStorage */; };
/* End PBXBuildFile section */

/* Begin PBXFileReference section */
		80B328912DA6844400C7EF3D /* NFCAnimalApp.app */ = {isa = PBXFileReference; explicitFileType = wrapper.application; includeInIndex = 0; path = NFCAnimalApp.app; sourceTree = BUILT_PRODUCTS_DIR; };
/* End PBXFileReference section */

/* Begin PBXFileSystemSynchronizedBuildFileExceptionSet section */
		80B3295D2DA70DAC00C7EF3D /* Exceptions for "NFCAnimalApp" folder in "NFCAnimalApp" target */ = {
			isa = PBXFileSystemSynchronizedBuildFileExceptionSet;
			membershipExceptions = (
				Info.plist,
			);
			target = 80B328902DA6844400C7EF3D /* NFCAnimalApp */;
		};
/* End PBXFileSystemSynchronizedBuildFileExceptionSet section */

/* Begin PBXFileSystemSynchronizedRootGroup section */
		80B328932DA6844400C7EF3D /* NFCAnimalApp */ = {
			isa = PBXFileSystemSynchronizedRootGroup;
			exceptions = (
				80B3295D2DA70DAC00C7EF3D /* Exceptions for "NFCAnimalApp" folder in "NFCAnimalApp" target */,
			);
			path = NFCAnimalApp;
			sourceTree = "<group>";
		};
/* End PBXFileSystemSynchronizedRootGroup section */

/* Begin PBXFrameworksBuildPhase section */
		80B3288E2DA6844400C7EF3D /* Frameworks */ = {
			isa = PBXFrameworksBuildPhase;
			buildActionMask = 2147483647;
			files = (
				BFDE68B52DB9500D00EC20FF /* FirebaseAppCheck in Frameworks */,
				BFDE68B72DB9500D00EC20FF /* FirebaseAuth in Frameworks */,
				BFDE68B92DB9500D00EC20FF /* FirebaseCore in Frameworks */,
				BFDE68BD2DB9500D00EC20FF /* FirebaseFunctions in Frameworks */,
				BFDE68BF2DB9500D00EC20FF /* FirebaseStorage in Frameworks */,
				BFDE68BB2DB9500D00EC20FF /* FirebaseFirestore in Frameworks */,
				BFDE68B32DB9500D00EC20FF /* FirebaseAnalytics in Frameworks */,
			);
			runOnlyForDeploymentPostprocessing = 0;
		};
/* End PBXFrameworksBuildPhase section */

/* Begin PBXGroup section */
		80B328882DA6844400C7EF3D = {
			isa = PBXGroup;
			children = (
				80B328932DA6844400C7EF3D /* NFCAnimalApp */,
				80B328922DA6844400C7EF3D /* Products */,
			);
			sourceTree = "<group>";
		};
		80B328922DA6844400C7EF3D /* Products */ = {
			isa = PBXGroup;
			children = (
				80B328912DA6844400C7EF3D /* NFCAnimalApp.app */,
			);
			name = Products;
			sourceTree = "<group>";
		};
/* End PBXGroup section */

/* Begin PBXNativeTarget section */
		80B328902DA6844400C7EF3D /* NFCAnimalApp */ = {
			isa = PBXNativeTarget;
			buildConfigurationList = 80B3289F2DA6844500C7EF3D /* Build configuration list for PBXNativeTarget "NFCAnimalApp" */;
			buildPhases = (
				80B3288D2DA6844400C7EF3D /* Sources */,
				80B3288E2DA6844400C7EF3D /* Frameworks */,
				80B3288F2DA6844400C7EF3D /* Resources */,
			);
			buildRules = (
			);
			dependencies = (
			);
			fileSystemSynchronizedGroups = (
				80B328932DA6844400C7EF3D /* NFCAnimalApp */,
			);
			name = NFCAnimalApp;
			packageProductDependencies = (
				BFDE68B22DB9500D00EC20FF /* FirebaseAnalytics */,
				BFDE68B42DB9500D00EC20FF /* FirebaseAppCheck */,
				BFDE68B62DB9500D00EC20FF /* FirebaseAuth */,
				BFDE68B82DB9500D00EC20FF /* FirebaseCore */,
				BFDE68BA2DB9500D00EC20FF /* FirebaseFirestore */,
				BFDE68BC2DB9500D00EC20FF /* FirebaseFunctions */,
				BFDE68BE2DB9500D00EC20FF /* FirebaseStorage */,
			);
			productName = NFCAnimalApp;
			productReference = 80B328912DA6844400C7EF3D /* NFCAnimalApp.app */;
			productType = "com.apple.product-type.application";
		};
/* End PBXNativeTarget section */

/* Begin PBXProject section */
		80B328892DA6844400C7EF3D /* Project object */ = {
			isa = PBXProject;
			attributes = {
				BuildIndependentTargetsInParallel = 1;
				LastSwiftUpdateCheck = 1620;
				LastUpgradeCheck = 1620;
				TargetAttributes = {
					80B328902DA6844400C7EF3D = {
						CreatedOnToolsVersion = 16.2;
					};
				};
			};
			buildConfigurationList = 80B3288C2DA6844400C7EF3D /* Build configuration list for PBXProject "NFCAnimalApp" */;
			developmentRegion = en;
			hasScannedForEncodings = 0;
			knownRegions = (
				en,
				Base,
			);
			mainGroup = 80B328882DA6844400C7EF3D;
			minimizedProjectReferenceProxies = 1;
			packageReferences = (
				BFDE68B12DB9500D00EC20FF /* XCRemoteSwiftPackageReference "firebase-ios-sdk" */,
			);
			preferredProjectObjectVersion = 77;
			productRefGroup = 80B328922DA6844400C7EF3D /* Products */;
			projectDirPath = "";
			projectRoot = "";
			targets = (
				80B328902DA6844400C7EF3D /* NFCAnimalApp */,
			);
		};
/* End PBXProject section */

/* Begin PBXResourcesBuildPhase section */
		80B3288F2DA6844400C7EF3D /* Resources */ = {
			isa = PBXResourcesBuildPhase;
			buildActionMask = 2147483647;
			files = (
			);
			runOnlyForDeploymentPostprocessing = 0;
		};
/* End PBXResourcesBuildPhase section */

/* Begin PBXSourcesBuildPhase section */
		80B3288D2DA6844400C7EF3D /* Sources */ = {
			isa = PBXSourcesBuildPhase;
			buildActionMask = 2147483647;
			files = (
			);
			runOnlyForDeploymentPostprocessing = 0;
		};
/* End PBXSourcesBuildPhase section */

/* Begin XCBuildConfiguration section */
		80B3289D2DA6844500C7EF3D /* Debug */ = {
			isa = XCBuildConfiguration;
			buildSettings = {
				ALWAYS_SEARCH_USER_PATHS = NO;
				ASSETCATALOG_COMPILER_GENERATE_SWIFT_ASSET_SYMBOL_EXTENSIONS = YES;
				CLANG_ANALYZER_NONNULL = YES;
				CLANG_ANALYZER_NUMBER_OBJECT_CONVERSION = YES_AGGRESSIVE;
				CLANG_CXX_LANGUAGE_STANDARD = "gnu++20";
				CLANG_ENABLE_MODULES = YES;
				CLANG_ENABLE_OBJC_ARC = YES;
				CLANG_ENABLE_OBJC_WEAK = YES;
				CLANG_WARN_BLOCK_CAPTURE_AUTORELEASING = YES;
				CLANG_WARN_BOOL_CONVERSION = YES;
				CLANG_WARN_COMMA = YES;
				CLANG_WARN_CONSTANT_CONVERSION = YES;
				CLANG_WARN_DEPRECATED_OBJC_IMPLEMENTATIONS = YES;
				CLANG_WARN_DIRECT_OBJC_ISA_USAGE = YES_ERROR;
				CLANG_WARN_DOCUMENTATION_COMMENTS = YES;
				CLANG_WARN_EMPTY_BODY = YES;
				CLANG_WARN_ENUM_CONVERSION = YES;
				CLANG_WARN_INFINITE_RECURSION = YES;
				CLANG_WARN_INT_CONVERSION = YES;
				CLANG_WARN_NON_LITERAL_NULL_CONVERSION = YES;
				CLANG_WARN_OBJC_IMPLICIT_RETAIN_SELF = YES;
				CLANG_WARN_OBJC_LITERAL_CONVERSION = YES;
				CLANG_WARN_OBJC_ROOT_CLASS = YES_ERROR;
				CLANG_WARN_QUOTED_INCLUDE_IN_FRAMEWORK_HEADER = YES;
				CLANG_WARN_RANGE_LOOP_ANALYSIS = YES;
				CLANG_WARN_STRICT_PROTOTYPES = YES;
				CLANG_WARN_SUSPICIOUS_MOVE = YES;
				CLANG_WARN_UNGUARDED_AVAILABILITY = YES_AGGRESSIVE;
				CLANG_WARN_UNREACHABLE_CODE = YES;
				CLANG_WARN__DUPLICATE_METHOD_MATCH = YES;
				COPY_PHASE_STRIP = NO;
				DEBUG_INFORMATION_FORMAT = dwarf;
				ENABLE_STRICT_OBJC_MSGSEND = YES;
				ENABLE_TESTABILITY = YES;
				ENABLE_USER_SCRIPT_SANDBOXING = YES;
				GCC_C_LANGUAGE_STANDARD = gnu17;
				GCC_DYNAMIC_NO_PIC = NO;
				GCC_NO_COMMON_BLOCKS = YES;
				GCC_OPTIMIZATION_LEVEL = 0;
				GCC_PREPROCESSOR_DEFINITIONS = (
					"DEBUG=1",
					"$(inherited)",
				);
				GCC_WARN_64_TO_32_BIT_CONVERSION = YES;
				GCC_WARN_ABOUT_RETURN_TYPE = YES_ERROR;
				GCC_WARN_UNDECLARED_SELECTOR = YES;
				GCC_WARN_UNINITIALIZED_AUTOS = YES_AGGRESSIVE;
				GCC_WARN_UNUSED_FUNCTION = YES;
				GCC_WARN_UNUSED_VARIABLE = YES;
				INFOPLIST_FILE = NFCAnimalApp/Info.plist;
				IPHONEOS_DEPLOYMENT_TARGET = 18.2;
				LOCALIZATION_PREFERS_STRING_CATALOGS = YES;
				MTL_ENABLE_DEBUG_INFO = INCLUDE_SOURCE;
				MTL_FAST_MATH = YES;
				ONLY_ACTIVE_ARCH = YES;
				SDKROOT = iphoneos;
				SWIFT_ACTIVE_COMPILATION_CONDITIONS = "DEBUG $(inherited)";
				SWIFT_OPTIMIZATION_LEVEL = "-Onone";
			};
			name = Debug;
		};
		80B3289E2DA6844500C7EF3D /* Release */ = {
			isa = XCBuildConfiguration;
			buildSettings = {
				ALWAYS_SEARCH_USER_PATHS = NO;
				ASSETCATALOG_COMPILER_GENERATE_SWIFT_ASSET_SYMBOL_EXTENSIONS = YES;
				CLANG_ANALYZER_NONNULL = YES;
				CLANG_ANALYZER_NUMBER_OBJECT_CONVERSION = YES_AGGRESSIVE;
				CLANG_CXX_LANGUAGE_STANDARD = "gnu++20";
				CLANG_ENABLE_MODULES = YES;
				CLANG_ENABLE_OBJC_ARC = YES;
				CLANG_ENABLE_OBJC_WEAK = YES;
				CLANG_WARN_BLOCK_CAPTURE_AUTORELEASING = YES;
				CLANG_WARN_BOOL_CONVERSION = YES;
				CLANG_WARN_COMMA = YES;
				CLANG_WARN_CONSTANT_CONVERSION = YES;
				CLANG_WARN_DEPRECATED_OBJC_IMPLEMENTATIONS = YES;
				CLANG_WARN_DIRECT_OBJC_ISA_USAGE = YES_ERROR;
				CLANG_WARN_DOCUMENTATION_COMMENTS = YES;
				CLANG_WARN_EMPTY_BODY = YES;
				CLANG_WARN_ENUM_CONVERSION = YES;
				CLANG_WARN_INFINITE_RECURSION = YES;
				CLANG_WARN_INT_CONVERSION = YES;
				CLANG_WARN_NON_LITERAL_NULL_CONVERSION = YES;
				CLANG_WARN_OBJC_IMPLICIT_RETAIN_SELF = YES;
				CLANG_WARN_OBJC_LITERAL_CONVERSION = YES;
				CLANG_WARN_OBJC_ROOT_CLASS = YES_ERROR;
				CLANG_WARN_QUOTED_INCLUDE_IN_FRAMEWORK_HEADER = YES;
				CLANG_WARN_RANGE_LOOP_ANALYSIS = YES;
				CLANG_WARN_STRICT_PROTOTYPES = YES;
				CLANG_WARN_SUSPICIOUS_MOVE = YES;
				CLANG_WARN_UNGUARDED_AVAILABILITY = YES_AGGRESSIVE;
				CLANG_WARN_UNREACHABLE_CODE = YES;
				CLANG_WARN__DUPLICATE_METHOD_MATCH = YES;
				COPY_PHASE_STRIP = NO;
				DEBUG_INFORMATION_FORMAT = "dwarf-with-dsym";
				ENABLE_NS_ASSERTIONS = NO;
				ENABLE_STRICT_OBJC_MSGSEND = YES;
				ENABLE_USER_SCRIPT_SANDBOXING = YES;
				GCC_C_LANGUAGE_STANDARD = gnu17;
				GCC_NO_COMMON_BLOCKS = YES;
				GCC_WARN_64_TO_32_BIT_CONVERSION = YES;
				GCC_WARN_ABOUT_RETURN_TYPE = YES_ERROR;
				GCC_WARN_UNDECLARED_SELECTOR = YES;
				GCC_WARN_UNINITIALIZED_AUTOS = YES_AGGRESSIVE;
				GCC_WARN_UNUSED_FUNCTION = YES;
				GCC_WARN_UNUSED_VARIABLE = YES;
				INFOPLIST_FILE = NFCAnimalApp/Info.plist;
				IPHONEOS_DEPLOYMENT_TARGET = 18.2;
				LOCALIZATION_PREFERS_STRING_CATALOGS = YES;
				MTL_ENABLE_DEBUG_INFO = NO;
				MTL_FAST_MATH = YES;
				SDKROOT = iphoneos;
				SWIFT_COMPILATION_MODE = wholemodule;
				VALIDATE_PRODUCT = YES;
			};
			name = Release;
		};
		80B328A02DA6844500C7EF3D /* Debug */ = {
			isa = XCBuildConfiguration;
			buildSettings = {
				ASSETCATALOG_COMPILER_APPICON_NAME = AppIcon;
				ASSETCATALOG_COMPILER_GLOBAL_ACCENT_COLOR_NAME = AccentColor;
				CODE_SIGN_ENTITLEMENTS = NFCAnimalApp/NFCAnimalApp.entitlements;
				CODE_SIGN_IDENTITY = "Apple Development";
				CODE_SIGN_STYLE = Automatic;
				CURRENT_PROJECT_VERSION = 1;
				DEVELOPMENT_ASSET_PATHS = "\"NFCAnimalApp/Preview Content\"";
				DEVELOPMENT_TEAM = 5XT2NZRUQ3;
				ENABLE_PREVIEWS = YES;
				GENERATE_INFOPLIST_FILE = YES;
				INFOPLIST_FILE = NFCAnimalApp/Info.plist;
				INFOPLIST_KEY_NFCReaderUsageDescription = "This app needs access to NFC to read and write animal passport data.";
				INFOPLIST_KEY_NSCameraUsageDescription = "This app needs access to camera for profile photo.";
				INFOPLIST_KEY_NSPhotoLibraryUsageDescription = "This app needs access to photo library for profile photo.";
				INFOPLIST_KEY_UIApplicationSupportsIndirectInputEvents = YES;
				INFOPLIST_KEY_UIRequiredDeviceCapabilities = armv7;
				INFOPLIST_KEY_UISupportedInterfaceOrientations = UIInterfaceOrientationPortrait;
				INFOPLIST_KEY_UISupportedInterfaceOrientations_iPad = "UIInterfaceOrientationLandscapeLeft UIInterfaceOrientationLandscapeRight UIInterfaceOrientationPortrait UIInterfaceOrientationPortraitUpsideDown";
				LD_RUNPATH_SEARCH_PATHS = (
					"$(inherited)",
					"@executable_path/Frameworks",
				);
				MARKETING_VERSION = 1.0;
				PRODUCT_BUNDLE_IDENTIFIER = com.seralpberke.NFCAnimalApp;
				PRODUCT_NAME = "$(TARGET_NAME)";
				PROVISIONING_PROFILE_SPECIFIER = "";
				SWIFT_EMIT_LOC_STRINGS = YES;
				SWIFT_VERSION = 5.0;
				TARGETED_DEVICE_FAMILY = "1,2";
			};
			name = Debug;
		};
		80B328A12DA6844500C7EF3D /* Release */ = {
			isa = XCBuildConfiguration;
			buildSettings = {
				ASSETCATALOG_COMPILER_APPICON_NAME = AppIcon;
				ASSETCATALOG_COMPILER_GLOBAL_ACCENT_COLOR_NAME = AccentColor;
				CODE_SIGN_ENTITLEMENTS = NFCAnimalApp/NFCAnimalApp.entitlements;
				CODE_SIGN_IDENTITY = "Apple Development";
				CODE_SIGN_STYLE = Automatic;
				CURRENT_PROJECT_VERSION = 1;
				DEVELOPMENT_ASSET_PATHS = "\"NFCAnimalApp/Preview Content\"";
				DEVELOPMENT_TEAM = 5XT2NZRUQ3;
				ENABLE_PREVIEWS = YES;
				GENERATE_INFOPLIST_FILE = YES;
				INFOPLIST_FILE = NFCAnimalApp/Info.plist;
				INFOPLIST_KEY_NFCReaderUsageDescription = "This app needs access to NFC to read and write animal passport data.";
				INFOPLIST_KEY_NSCameraUsageDescription = "This app needs access to camera for profile photo.";
				INFOPLIST_KEY_NSPhotoLibraryUsageDescription = "This app needs access to photo library for profile photo.";
				INFOPLIST_KEY_UIApplicationSupportsIndirectInputEvents = YES;
				INFOPLIST_KEY_UIRequiredDeviceCapabilities = armv7;
				INFOPLIST_KEY_UISupportedInterfaceOrientations = UIInterfaceOrientationPortrait;
				INFOPLIST_KEY_UISupportedInterfaceOrientations_iPad = "UIInterfaceOrientationLandscapeLeft UIInterfaceOrientationLandscapeRight UIInterfaceOrientationPortrait UIInterfaceOrientationPortraitUpsideDown";
				LD_RUNPATH_SEARCH_PATHS = (
					"$(inherited)",
					"@executable_path/Frameworks",
				);
				MARKETING_VERSION = 1.0;
				PRODUCT_BUNDLE_IDENTIFIER = com.seralpberke.NFCAnimalApp;
				PRODUCT_NAME = "$(TARGET_NAME)";
				PROVISIONING_PROFILE_SPECIFIER = "";
				SWIFT_EMIT_LOC_STRINGS = YES;
				SWIFT_VERSION = 5.0;
				TARGETED_DEVICE_FAMILY = "1,2";
			};
			name = Release;
		};
/* End XCBuildConfiguration section */

/* Begin XCConfigurationList section */
		80B3288C2DA6844400C7EF3D /* Build configuration list for PBXProject "NFCAnimalApp" */ = {
			isa = XCConfigurationList;
			buildConfigurations = (
				80B3289D2DA6844500C7EF3D /* Debug */,
				80B3289E2DA6844500C7EF3D /* Release */,
			);
			defaultConfigurationIsVisible = 0;
			defaultConfigurationName = Release;
		};
		80B3289F2DA6844500C7EF3D /* Build configuration list for PBXNativeTarget "NFCAnimalApp" */ = {
			isa = XCConfigurationList;
			buildConfigurations = (
				80B328A02DA6844500C7EF3D /* Debug */,
				80B328A12DA6844500C7EF3D /* Release */,
			);
			defaultConfigurationIsVisible = 0;
			defaultConfigurationName = Release;
		};
/* End XCConfigurationList section */

/* Begin XCRemoteSwiftPackageReference section */
		BFDE68B12DB9500D00EC20FF /* XCRemoteSwiftPackageReference "firebase-ios-sdk" */ = {
			isa = XCRemoteSwiftPackageReference;
			repositoryURL = "https://github.com/firebase/firebase-ios-sdk.git";
			requirement = {
				kind = upToNextMajorVersion;
				minimumVersion = 11.12.0;
			};
		};
/* End XCRemoteSwiftPackageReference section */

/* Begin XCSwiftPackageProductDependency section */
		BFDE68B22DB9500D00EC20FF /* FirebaseAnalytics */ = {
			isa = XCSwiftPackageProductDependency;
			package = BFDE68B12DB9500D00EC20FF /* XCRemoteSwiftPackageReference "firebase-ios-sdk" */;
			productName = FirebaseAnalytics;
		};
		BFDE68B42DB9500D00EC20FF /* FirebaseAppCheck */ = {
			isa = XCSwiftPackageProductDependency;
			package = BFDE68B12DB9500D00EC20FF /* XCRemoteSwiftPackageReference "firebase-ios-sdk" */;
			productName = FirebaseAppCheck;
		};
		BFDE68B62DB9500D00EC20FF /* FirebaseAuth */ = {
			isa = XCSwiftPackageProductDependency;
			package = BFDE68B12DB9500D00EC20FF /* XCRemoteSwiftPackageReference "firebase-ios-sdk" */;
			productName = FirebaseAuth;
		};
		BFDE68B82DB9500D00EC20FF /* FirebaseCore */ = {
			isa = XCSwiftPackageProductDependency;
			package = BFDE68B12DB9500D00EC20FF /* XCRemoteSwiftPackageReference "firebase-ios-sdk" */;
			productName = FirebaseCore;
		};
		BFDE68BA2DB9500D00EC20FF /* FirebaseFirestore */ = {
			isa = XCSwiftPackageProductDependency;
			package = BFDE68B12DB9500D00EC20FF /* XCRemoteSwiftPackageReference "firebase-ios-sdk" */;
			productName = FirebaseFirestore;
		};
		BFDE68BC2DB9500D00EC20FF /* FirebaseFunctions */ = {
			isa = XCSwiftPackageProductDependency;
			package = BFDE68B12DB9500D00EC20FF /* XCRemoteSwiftPackageReference "firebase-ios-sdk" */;
			productName = FirebaseFunctions;
		};
		BFDE68BE2DB9500D00EC20FF /* FirebaseStorage */ = {
			isa = XCSwiftPackageProductDependency;
			package = BFDE68B12DB9500D00EC20FF /* XCRemoteSwiftPackageReference "firebase-ios-sdk" */;
			productName = FirebaseStorage;
		};
/* End XCSwiftPackageProductDependency section */
	};
	rootObject = 80B328892DA6844400C7EF3D /* Project object */;
}
